<?xml version="1.0" encoding="utf-8"?>
<Project ToolsVersion="4.0" xmlns="http://schemas.microsoft.com/developer/msbuild/2003">
  <ItemGroup>
    <Filter Include="Source Files">
      <UniqueIdentifier>{4FC737F1-C7A5-4376-A066-2A32D752A2FF}</UniqueIdentifier>
      <Extensions>cpp;c;cc;cxx;c++;cppm;ixx;def;odl;idl;hpj;bat;asm;asmx</Extensions>
    </Filter>
    <Filter Include="Header Files">
      <UniqueIdentifier>{93995380-89BD-4b04-88EB-625FBE52EBFB}</UniqueIdentifier>
      <Extensions>h;hh;hpp;hxx;h++;hm;inl;inc;ipp;xsd</Extensions>
    </Filter>
    <Filter Include="Resource Files">
      <UniqueIdentifier>{67DA6AB6-F800-4c08-8B7A-83BB121AAD01}</UniqueIdentifier>
      <Extensions>rc;ico;cur;bmp;dlg;rc2;rct;bin;rgs;gif;jpg;jpeg;jpe;resx;tiff;tif;png;wav;mfcribbon-ms</Extensions>
    </Filter>
  </ItemGroup>
  <ItemGroup>
    <ClInclude Include="Include\Math\Color.h">
      <Filter>Header Files</Filter>
    </ClInclude>
    <ClInclude Include="Include\Math\Mathf.h">
      <Filter>Header Files</Filter>
    </ClInclude>
    <ClInclude Include="Include\Math\Matrix2D.h">
      <Filter>Header Files</Filter>
    </ClInclude>
    <ClInclude Include="Include\Math\Matrix3.h">
      <Filter>Header Files</Filter>
    </ClInclude>
    <ClInclude Include="Include\Math\Matrix4.h">
      <Filter>Header Files</Filter>
    </ClInclude>
    <ClInclude Include="Include\Math\Quaternion.h">
      <Filter>Header Files</Filter>
    </ClInclude>
    <ClInclude Include="Include\Math\Vector2.h">
      <Filter>Header Files</Filter>
    </ClInclude>
    <ClInclude Include="Include\Math\Vector3.h">
      <Filter>Header Files</Filter>
    </ClInclude>
    <ClInclude Include="Include\Math\Vector4.h">
      <Filter>Header Files</Filter>
    </ClInclude>
    <ClInclude Include="Include\System\Types.h">
      <Filter>Header Files</Filter>
    </ClInclude>
    <ClInclude Include="Include\System\Win32\Window_Win32.h">
      <Filter>Header Files</Filter>
    </ClInclude>
    <ClInclude Include="Include\System\Assert.h">
      <Filter>Header Files</Filter>
    </ClInclude>
    <ClInclude Include="Include\System\Hash32.h">
      <Filter>Header Files</Filter>
    </ClInclude>
    <ClInclude Include="Include\System\Logger.h">
      <Filter>Header Files</Filter>
    </ClInclude>
    <ClInclude Include="Include\System\StringUtil.h">
      <Filter>Header Files</Filter>
    </ClInclude>
    <ClInclude Include="Include\System\Timer.h">
      <Filter>Header Files</Filter>
    </ClInclude>
    <ClInclude Include="Include\System\Window.h">
      <Filter>Header Files</Filter>
    </ClInclude>
    <ClInclude Include="Include\System\WindowEvent.h">
      <Filter>Header Files</Filter>
    </ClInclude>
    <ClInclude Include="Include\Math\Random.h">
      <Filter>Header Files</Filter>
    </ClInclude>
    <ClInclude Include="Include\Engine\Engine.h">
      <Filter>Header Files</Filter>
    </ClInclude>
    <ClInclude Include="Include\FileSystem\File\BaseFile.h">
      <Filter>Header Files</Filter>
    </ClInclude>
    <ClInclude Include="Include\FileSystem\File\BinaryFile.h">
      <Filter>Header Files</Filter>
    </ClInclude>
    <ClInclude Include="Include\FileSystem\File\TextFile.h">
      <Filter>Header Files</Filter>
    </ClInclude>
    <ClInclude Include="Include\FileSystem\Pak\PakArchive.h">
      <Filter>Header Files</Filter>
    </ClInclude>
    <ClInclude Include="Include\FileSystem\Pak\PakFile.h">
      <Filter>Header Files</Filter>
    </ClInclude>
    <ClInclude Include="Include\FileSystem\Endian.h">
      <Filter>Header Files</Filter>
    </ClInclude>
    <ClInclude Include="Include\FileSystem\Path.h">
      <Filter>Header Files</Filter>
    </ClInclude>
    <ClInclude Include="Include\System\ConfigFile.h">
      <Filter>Header Files</Filter>
    </ClInclude>
    <ClInclude Include="Include\Input\ActionMap.h">
      <Filter>Header Files</Filter>
    </ClInclude>
    <ClInclude Include="Include\Input\GamePad.h">
      <Filter>Header Files</Filter>
    </ClInclude>
    <ClInclude Include="Include\Input\Input.h">
      <Filter>Header Files</Filter>
    </ClInclude>
    <ClInclude Include="Include\Input\Keyboard.h">
      <Filter>Header Files</Filter>
    </ClInclude>
    <ClInclude Include="Include\Input\Mouse.h">
      <Filter>Header Files</Filter>
    </ClInclude>
    <ClInclude Include="Include\Engine\Application.h">
      <Filter>Header Files</Filter>
    </ClInclude>
    <ClInclude Include="Include\Graphics\Common\CommonStates.h">
      <Filter>Header Files</Filter>
    </ClInclude>
    <ClInclude Include="Include\Graphics\Common\ComparisonFunction.h">
      <Filter>Header Files</Filter>
    </ClInclude>
    <ClInclude Include="Include\Graphics\Common\DescriptorHandle.h">
      <Filter>Header Files</Filter>
    </ClInclude>
    <ClInclude Include="Include\Graphics\Common\GraphicsParameters.h">
      <Filter>Header Files</Filter>
    </ClInclude>
    <ClInclude Include="Include\Graphics\Common\InputLayout.h">
      <Filter>Header Files</Filter>
    </ClInclude>
    <ClInclude Include="Include\Graphics\Common\MultiSample.h">
      <Filter>Header Files</Filter>
    </ClInclude>
    <ClInclude Include="Include\Graphics\Common\PipelineDesc.h">
      <Filter>Header Files</Filter>
    </ClInclude>
    <ClInclude Include="Include\Graphics\Common\QueueType.h">
      <Filter>Header Files</Filter>
    </ClInclude>
    <ClInclude Include="Include\Graphics\Common\ResourceDesc.h">
      <Filter>Header Files</Filter>
    </ClInclude>
    <ClInclude Include="Include\Graphics\Common\RootDesc.h">
      <Filter>Header Files</Filter>
    </ClInclude>
    <ClInclude Include="Include\Graphics\Common\SamplerDesc.h">
      <Filter>Header Files</Filter>
    </ClInclude>
    <ClInclude Include="Include\Graphics\Common\SurfaceFormat.h">
      <Filter>Header Files</Filter>
    </ClInclude>
    <ClInclude Include="Include\Graphics\Common\VertexFormats.h">
      <Filter>Header Files</Filter>
    </ClInclude>
    <ClInclude Include="Include\Graphics\Common\ViewPort.h">
      <Filter>Header Files</Filter>
    </ClInclude>
    <ClInclude Include="Include\Graphics\DX12\CommandAllocatorPool.h">
      <Filter>Header Files</Filter>
    </ClInclude>
    <ClInclude Include="Include\Graphics\DX12\CommandListManager.h">
      <Filter>Header Files</Filter>
    </ClInclude>
    <ClInclude Include="Include\Graphics\DX12\CommandQueue.h">
      <Filter>Header Files</Filter>
    </ClInclude>
    <ClInclude Include="Include\Graphics\DX12\ConstantResource.h">
      <Filter>Header Files</Filter>
    </ClInclude>
    <ClInclude Include="Include\Graphics\DX12\ConversionTypes.h">
      <Filter>Header Files</Filter>
    </ClInclude>
    <ClInclude Include="Include\Graphics\DX12\DescriptorAllocator.h">
      <Filter>Header Files</Filter>
    </ClInclude>
    <ClInclude Include="Include\Graphics\DX12\GraphicsDeviceDX12.h">
      <Filter>Header Files</Filter>
    </ClInclude>
    <ClInclude Include="Include\Graphics\DX12\GraphicsResource.h">
      <Filter>Header Files</Filter>
    </ClInclude>
    <ClInclude Include="Include\Graphics\DX12\PipelineState.h">
      <Filter>Header Files</Filter>
    </ClInclude>
    <ClInclude Include="Include\Graphics\DX12\RootSignature.h">
      <Filter>Header Files</Filter>
    </ClInclude>
    <ClInclude Include="Include\Graphics\DX12\TextureResource.h">
      <Filter>Header Files</Filter>
    </ClInclude>
    <ClInclude Include="Include\Graphics\DX12\UploadRingBuffer.h">
      <Filter>Header Files</Filter>
    </ClInclude>
    <ClInclude Include="Include\Graphics\Graphics.h">
      <Filter>Header Files</Filter>
    </ClInclude>
    <ClInclude Include="Include\Graphics\GraphicsDevice.h">
      <Filter>Header Files</Filter>
    </ClInclude>
    <ClInclude Include="Include\Math\Range.h">
      <Filter>Header Files</Filter>
    </ClInclude>
    <ClInclude Include="Include\Math\Rect.h">
      <Filter>Header Files</Filter>
    </ClInclude>
    <ClInclude Include="Game.h">
      <Filter>Header Files</Filter>
    </ClInclude>
    <ClInclude Include="Include\World\Entity.h">
      <Filter>Header Files</Filter>
    </ClInclude>
    <ClInclude Include="Include\World\Component\Transform.h">
      <Filter>Header Files</Filter>
    </ClInclude>
    <ClInclude Include="Include\Engine\Object.h">
      <Filter>Header Files</Filter>
    </ClInclude>
    <ClInclude Include="Include\Engine\Type.h">
      <Filter>Header Files</Filter>
    </ClInclude>
    <ClInclude Include="Include\Resource\Mesh.h">
      <Filter>Header Files</Filter>
    </ClInclude>
    <ClInclude Include="Include\Resource\Resource.h">
      <Filter>Header Files</Filter>
    </ClInclude>
    <ClInclude Include="External\tinyobj\tiny_obj_loader.h">
      <Filter>Header Files</Filter>
    </ClInclude>
    <ClInclude Include="Include\Resource\Texture.h">
      <Filter>Header Files</Filter>
    </ClInclude>
    <ClInclude Include="External\stb\stb_image.h">
      <Filter>Header Files</Filter>
    </ClInclude>
    <ClInclude Include="Include\World\Camera.h">
      <Filter>Header Files</Filter>
    </ClInclude>
  </ItemGroup>
  <ItemGroup>
    <ClCompile Include="Source\Math\Mathf.cpp">
      <Filter>Source Files</Filter>
    </ClCompile>
    <ClCompile Include="Source\Math\Matrix2D.cpp">
      <Filter>Source Files</Filter>
    </ClCompile>
    <ClCompile Include="Source\Math\Matrix3.cpp">
      <Filter>Source Files</Filter>
    </ClCompile>
    <ClCompile Include="Source\Math\Matrix4.cpp">
      <Filter>Source Files</Filter>
    </ClCompile>
    <ClCompile Include="Source\Math\Quaternion.cpp">
      <Filter>Source Files</Filter>
    </ClCompile>
    <ClCompile Include="Source\Math\Vector2.cpp">
      <Filter>Source Files</Filter>
    </ClCompile>
    <ClCompile Include="Source\Math\Vector3.cpp">
      <Filter>Source Files</Filter>
    </ClCompile>
    <ClCompile Include="Source\Math\Vector4.cpp">
      <Filter>Source Files</Filter>
    </ClCompile>
    <ClCompile Include="Source\System\Win32\Window_Win32.cpp">
      <Filter>Source Files</Filter>
    </ClCompile>
    <ClCompile Include="Source\System\Assert.cpp">
      <Filter>Source Files</Filter>
    </ClCompile>
    <ClCompile Include="Source\System\Hash32.cpp">
      <Filter>Source Files</Filter>
    </ClCompile>
    <ClCompile Include="Source\System\Logger.cpp">
      <Filter>Source Files</Filter>
    </ClCompile>
    <ClCompile Include="Source\System\StringUtil.cpp">
      <Filter>Source Files</Filter>
    </ClCompile>
    <ClCompile Include="Source\System\Time.cpp">
      <Filter>Source Files</Filter>
    </ClCompile>
    <ClCompile Include="Source\Math\Color.cpp">
      <Filter>Source Files</Filter>
    </ClCompile>
    <ClCompile Include="Source\Math\Random.cpp">
      <Filter>Source Files</Filter>
    </ClCompile>
    <ClCompile Include="main.cpp">
      <Filter>Source Files</Filter>
    </ClCompile>
    <ClCompile Include="Source\Engine\Engine.cpp">
      <Filter>Source Files</Filter>
    </ClCompile>
    <ClCompile Include="Source\FileSystem\File\BaseFile.cpp">
      <Filter>Source Files</Filter>
    </ClCompile>
    <ClCompile Include="Source\FileSystem\File\BinaryFile.cpp">
      <Filter>Source Files</Filter>
    </ClCompile>
    <ClCompile Include="Source\FileSystem\File\TextFile.cpp">
      <Filter>Source Files</Filter>
    </ClCompile>
    <ClCompile Include="Source\FileSystem\Pak\PakArchive.cpp">
      <Filter>Source Files</Filter>
    </ClCompile>
    <ClCompile Include="Source\FileSystem\Pak\PakFile.cpp">
      <Filter>Source Files</Filter>
    </ClCompile>
    <ClCompile Include="Source\FileSystem\Path.cpp">
      <Filter>Source Files</Filter>
    </ClCompile>
    <ClCompile Include="Source\System\ConfigFile.cpp">
      <Filter>Source Files</Filter>
    </ClCompile>
    <ClCompile Include="Source\Input\ActionMap.cpp">
      <Filter>Source Files</Filter>
    </ClCompile>
    <ClCompile Include="Source\Input\GamePad.cpp">
      <Filter>Source Files</Filter>
    </ClCompile>
    <ClCompile Include="Source\Input\Input.cpp">
      <Filter>Source Files</Filter>
    </ClCompile>
    <ClCompile Include="Source\Input\Keyboard.cpp">
      <Filter>Source Files</Filter>
    </ClCompile>
    <ClCompile Include="Source\Input\Mouse.cpp">
      <Filter>Source Files</Filter>
    </ClCompile>
    <ClCompile Include="Source\Engine\Application.cpp">
      <Filter>Source Files</Filter>
    </ClCompile>
    <ClCompile Include="Source\Graphics\Common\InputLayout.cpp">
      <Filter>Source Files</Filter>
    </ClCompile>
    <ClCompile Include="Source\Graphics\Common\SurfaceFormat.cpp">
      <Filter>Source Files</Filter>
    </ClCompile>
    <ClCompile Include="Source\Graphics\Common\VertexFormats.cpp">
      <Filter>Source Files</Filter>
    </ClCompile>
    <ClCompile Include="Source\Graphics\DX12\CommandAllocatorPool.cpp">
      <Filter>Source Files</Filter>
    </ClCompile>
    <ClCompile Include="Source\Graphics\DX12\CommandListManager.cpp">
      <Filter>Source Files</Filter>
    </ClCompile>
    <ClCompile Include="Source\Graphics\DX12\CommandQueue.cpp">
      <Filter>Source Files</Filter>
    </ClCompile>
    <ClCompile Include="Source\Graphics\DX12\ConstantResource.cpp">
      <Filter>Source Files</Filter>
    </ClCompile>
    <ClCompile Include="Source\Graphics\DX12\ConversionTypes.cpp">
      <Filter>Source Files</Filter>
    </ClCompile>
    <ClCompile Include="Source\Graphics\DX12\DescriptorAllocator.cpp">
      <Filter>Source Files</Filter>
    </ClCompile>
    <ClCompile Include="Source\Graphics\DX12\GraphicsDeviceDX12.cpp">
      <Filter>Source Files</Filter>
    </ClCompile>
    <ClCompile Include="Source\Graphics\DX12\GraphicsResource.cpp">
      <Filter>Source Files</Filter>
    </ClCompile>
    <ClCompile Include="Source\Graphics\DX12\PipeState.cpp">
      <Filter>Source Files</Filter>
    </ClCompile>
    <ClCompile Include="Source\Graphics\DX12\RootSignature.cpp">
      <Filter>Source Files</Filter>
    </ClCompile>
    <ClCompile Include="Source\Graphics\DX12\TextureResource.cpp">
      <Filter>Source Files</Filter>
    </ClCompile>
    <ClCompile Include="Source\Graphics\DX12\UploadRingBuffer.cpp">
      <Filter>Source Files</Filter>
    </ClCompile>
    <ClCompile Include="Game.cpp">
      <Filter>Source Files</Filter>
    </ClCompile>
    <ClCompile Include="Source\World\Component\Transform.cpp">
      <Filter>Source Files</Filter>
    </ClCompile>
    <ClCompile Include="Source\World\Entity.cpp">
      <Filter>Source Files</Filter>
    </ClCompile>
    <ClCompile Include="Source\Resource\Mesh.cpp">
      <Filter>Source Files</Filter>
    </ClCompile>
    <ClCompile Include="Source\Engine\Object.cpp">
      <Filter>Source Files</Filter>
    </ClCompile>
    <ClCompile Include="Source\Engine\Type.cpp">
      <Filter>Source Files</Filter>
    </ClCompile>
    <ClCompile Include="External\tinyobj\tiny_obj_loader.cpp">
      <Filter>Source Files</Filter>
    </ClCompile>
    <ClCompile Include="Source\Resource\Texture.cpp">
      <Filter>Source Files</Filter>
    </ClCompile>
    <ClCompile Include="Source\World\Camera.cpp">
      <Filter>Source Files</Filter>
    </ClCompile>
  </ItemGroup>
</Project>